
Microsoft Visual Studio Solution File, Format Version 12.00
# Visual Studio Version 16
VisualStudioVersion = 16.0.31112.23
MinimumVisualStudioVersion = 10.0.40219.1
Project("{9A19103F-16F7-4668-BE54-9A1E7A4F7556}") = "UnrealExplorer.Core", "UnrealExplorer.Core\UnrealExplorer.Core.csproj", "{ADA20FA1-26C3-4A7B-9A48-E249BD004811}"
	ProjectSection(ProjectDependencies) = postProject
		{706FA5E0-A7A6-4959-A8AB-EB609087FC88} = {706FA5E0-A7A6-4959-A8AB-EB609087FC88}
	EndProjectSection
EndProject
Project("{9A19103F-16F7-4668-BE54-9A1E7A4F7556}") = "TestApp", "TestApp\TestApp.csproj", "{39A08C94-5B80-4858-9AAB-DC809B7C52ED}"
	ProjectSection(ProjectDependencies) = postProject
		{706FA5E0-A7A6-4959-A8AB-EB609087FC88} = {706FA5E0-A7A6-4959-A8AB-EB609087FC88}
	EndProjectSection
EndProject
Project("{9A19103F-16F7-4668-BE54-9A1E7A4F7556}") = "UnrealExplorer.Tests", "UnrealExplorer.Tests\UnrealExplorer.Tests.csproj", "{64634BCD-EFCF-47AE-8BBE-261BE16BEAFF}"
EndProject
Project("{8BC9CEB8-8B4A-11D0-8D11-00A0C91BC942}") = "TestAppCpp", "TestAppCpp\TestAppCpp.vcxproj", "{D84A5C20-2475-49DA-900E-1B5C6571D4D9}"
EndProject
Project("{FAE04EC0-301F-11D3-BF4B-00C04F79EFBC}") = "UnrealExplorer.AppServer", "UnrealExplorer.AppServer\UnrealExplorer.AppServer.csproj", "{E478443B-C484-43F7-B228-491C266F2AEE}"
EndProject
Global
	GlobalSection(SolutionConfigurationPlatforms) = preSolution
		Debug|x64 = Debug|x64
		Release|x64 = Release|x64
	EndGlobalSection
	GlobalSection(ProjectConfigurationPlatforms) = postSolution
		{ADA20FA1-26C3-4A7B-9A48-E249BD004811}.Debug|x64.ActiveCfg = Debug|x64
		{ADA20FA1-26C3-4A7B-9A48-E249BD004811}.Debug|x64.Build.0 = Debug|x64
		{ADA20FA1-26C3-4A7B-9A48-E249BD004811}.Release|x64.ActiveCfg = Release|x64
		{ADA20FA1-26C3-4A7B-9A48-E249BD004811}.Release|x64.Build.0 = Release|x64
		{39A08C94-5B80-4858-9AAB-DC809B7C52ED}.Debug|x64.ActiveCfg = Debug|x64
		{39A08C94-5B80-4858-9AAB-DC809B7C52ED}.Release|x64.ActiveCfg = Release|x64
		{64634BCD-EFCF-47AE-8BBE-261BE16BEAFF}.Debug|x64.ActiveCfg = Debug|x64
		{64634BCD-EFCF-47AE-8BBE-261BE16BEAFF}.Release|x64.ActiveCfg = Release|x64
		{D84A5C20-2475-49DA-900E-1B5C6571D4D9}.Debug|x64.ActiveCfg = Debug|x64
		{D84A5C20-2475-49DA-900E-1B5C6571D4D9}.Release|x64.ActiveCfg = Release|x64
		{E478443B-C484-43F7-B228-491C266F2AEE}.Debug|x64.ActiveCfg = Debug|Any CPU
		{E478443B-C484-43F7-B228-491C266F2AEE}.Debug|x64.Build.0 = Debug|Any CPU
		{E478443B-C484-43F7-B228-491C266F2AEE}.Release|x64.ActiveCfg = Release|Any CPU
		{E478443B-C484-43F7-B228-491C266F2AEE}.Release|x64.Build.0 = Release|Any CPU
	EndGlobalSection
	GlobalSection(SolutionProperties) = preSolution
		HideSolutionNode = FALSE
	EndGlobalSection
	GlobalSection(ExtensibilityGlobals) = postSolution
		SolutionGuid = {8469C300-CDF4-4C0D-8091-05BEA9072A9A}
	EndGlobalSection
	GlobalSection(NestedProjects) = preSolution
	EndGlobalSection
EndGlobal
